
Microsoft Visual Studio Solution File, Format Version 12.00
# Visual Studio Version 16
VisualStudioVersion = 16.0.30804.86
MinimumVisualStudioVersion = 10.0.40219.1
Project("{FAE04EC0-301F-11D3-BF4B-00C04F79EFBC}") = "webRequest", "webRequest\webRequest.csproj", "{75A22CF1-51FF-4081-8D49-9F28CF48701E}"
EndProject
Global
	GlobalSection(SolutionConfigurationPlatforms) = preSolution
		Debug|Any CPU = Debug|Any CPU
		Release|Any CPU = Release|Any CPU
	EndGlobalSection
	GlobalSection(ProjectConfigurationPlatforms) = postSolution
		{75A22CF1-51FF-4081-8D49-9F28CF48701E}.Debug|Any CPU.ActiveCfg = Debug|Any CPU
		{75A22CF1-51FF-4081-8D49-9F28CF48701E}.Debug|Any CPU.Build.0 = Debug|Any CPU
		{75A22CF1-51FF-4081-8D49-9F28CF48701E}.Release|Any CPU.ActiveCfg = Release|Any CPU
		{75A22CF1-51FF-4081-8D49-9F28CF48701E}.Release|Any CPU.Build.0 = Release|Any CPU
	EndGlobalSection
	GlobalSection(SolutionProperties) = preSolution
		HideSolutionNode = FALSE
	EndGlobalSection
	GlobalSection(ExtensibilityGlobals) = postSolution
		SolutionGuid = {4681C3A8-27B5-46E8-AA0A-449506A4FD16}
	EndGlobalSection
EndGlobal
